
Microsoft Visual Studio Solution File, Format Version 12.00
# Visual Studio 15
Project("{FAE04EC0-301F-11D3-BF4B-00C04F79EFBC}") = "Unity-Gnorts", "Assembly-CSharp.csproj", "{45E1A316-ED01-8417-06CA-CAC959DB6F80}"
EndProject
Global
	GlobalSection(SolutionConfigurationPlatforms) = preSolution
		Debug|Any CPU = Debug|Any CPU
		Release|Any CPU = Release|Any CPU
	EndGlobalSection
	GlobalSection(ProjectConfigurationPlatforms) = postSolution
		{45E1A316-ED01-8417-06CA-CAC959DB6F80}.Debug|Any CPU.ActiveCfg = Debug|Any CPU
		{45E1A316-ED01-8417-06CA-CAC959DB6F80}.Debug|Any CPU.Build.0 = Debug|Any CPU
		{45E1A316-ED01-8417-06CA-CAC959DB6F80}.Release|Any CPU.ActiveCfg = Release|Any CPU
		{45E1A316-ED01-8417-06CA-CAC959DB6F80}.Release|Any CPU.Build.0 = Release|Any CPU
	EndGlobalSection
	GlobalSection(SolutionProperties) = preSolution
		HideSolutionNode = FALSE
	EndGlobalSection
EndGlobal
